{
  "lockfile_version": "1",
  "packages": {
    "age@latest": {
      "last_modified": "2023-12-13T22:54:10Z",
      "resolved": "github:NixOS/nixpkgs/fd04bea4cbf76f86f244b9e2549fca066db8ddff#age",
      "source": "devbox-search",
      "version": "1.1.1",
      "systems": {
        "aarch64-darwin": {
          "store_path": "/nix/store/2bgv9ynggp3rilwl05bd8pij7sap7fhg-age-1.1.1"
        },
        "aarch64-linux": {
          "store_path": "/nix/store/3wnijxq9ghjv7gx04nxrhhs8nkz9mk49-age-1.1.1"
        },
        "x86_64-darwin": {
          "store_path": "/nix/store/8ij11a318y63bcmn03rs84y8pipnadfv-age-1.1.1"
        },
        "x86_64-linux": {
          "store_path": "/nix/store/xh816kyaib2qva6mfcrlpx9q96lfn8yi-age-1.1.1"
        }
      }
    },
    "atuin@latest": {
      "last_modified": "2023-12-18T02:58:18Z",
      "resolved": "github:NixOS/nixpkgs/ca16221251951e9c6261a1a2bb4f9389038d3632#atuin",
      "source": "devbox-search",
      "version": "17.1.0",
      "systems": {
        "aarch64-darwin": {
          "store_path": "/nix/store/s96aqbh8465a4c3c96ig39h1j6brvq2z-atuin-17.1.0"
        },
        "aarch64-linux": {
          "store_path": "/nix/store/y71dafrs10vdngs6pnzqziavfcpwy0j5-atuin-17.1.0"
        },
        "x86_64-darwin": {
          "store_path": "/nix/store/h3k3f7n9mi2f6sfq6xh4jgfny0js8i0l-atuin-17.1.0"
        },
        "x86_64-linux": {
          "store_path": "/nix/store/anwpm10v4fjsrf9zw1ghlih6pp2mgnnx-atuin-17.1.0"
        }
      }
    },
    "bat@latest": {
      "last_modified": "2023-11-17T14:14:56Z",
      "resolved": "github:NixOS/nixpkgs/a71323f68d4377d12c04a5410e214495ec598d4c#bat",
      "source": "devbox-search",
      "version": "0.24.0",
      "systems": {
        "aarch64-darwin": {
          "store_path": "/nix/store/hw226zsvb43971bcambaa3xkgw4iz9s5-bat-0.24.0"
        },
        "aarch64-linux": {
          "store_path": "/nix/store/41q3wxla4q92kfyss73dvlykkbys4jjz-bat-0.24.0"
        },
        "x86_64-darwin": {
          "store_path": "/nix/store/kcp1fp0caw1sbsfay3xhv4yypxh7n34c-bat-0.24.0"
        },
        "x86_64-linux": {
          "store_path": "/nix/store/2wvd62ifjb4wx2agczakmvjcp1jrjcfh-bat-0.24.0"
        }
      }
    },
    "chezmoi@latest": {
      "last_modified": "2023-11-27T17:54:48Z",
      "resolved": "github:NixOS/nixpkgs/491af1f1cc28df11dfbff049da4134c37d58aee9#chezmoi",
      "source": "devbox-search",
      "version": "2.41.0",
      "systems": {
        "aarch64-darwin": {
          "store_path": "/nix/store/gpvq3xwzh1r4f2w6p0ylz7hdmmx5dbid-chezmoi-2.41.0"
        },
        "aarch64-linux": {
          "store_path": "/nix/store/2pvjsbyhr91is5df0rgqm3ifgcy400sm-chezmoi-2.41.0"
        },
        "x86_64-darwin": {
          "store_path": "/nix/store/cfm1g99mjd86nql24qp876x4k07q695j-chezmoi-2.41.0"
        },
        "x86_64-linux": {
          "store_path": "/nix/store/gafkznsg59bixkgrnb7cl0v1jixqwn9w-chezmoi-2.41.0"
        }
      }
    },
    "delta@latest": {
      "last_modified": "2023-11-17T14:14:56Z",
      "resolved": "github:NixOS/nixpkgs/a71323f68d4377d12c04a5410e214495ec598d4c#delta",
      "source": "devbox-search",
      "version": "0.16.5",
      "systems": {
        "aarch64-darwin": {
          "store_path": "/nix/store/8s7w9h8i9pf69r3b7jq27w3577411nkw-delta-0.16.5"
        },
        "aarch64-linux": {
          "store_path": "/nix/store/5c7zqa04x8dvsggma3qbaycpwcq3388i-delta-0.16.5"
        },
        "x86_64-darwin": {
          "store_path": "/nix/store/0xki4xmww97j456krk7nl8ignjjp0ck0-delta-0.16.5"
        },
        "x86_64-linux": {
          "store_path": "/nix/store/gy5izwlzqdz81iawg7ar74avgdljznj1-delta-0.16.5"
        }
      }
    },
    "direnv@latest": {
      "last_modified": "2023-12-01T03:28:22Z",
      "resolved": "github:NixOS/nixpkgs/69a165d0fd2b08a78dbd2c98f6f860ceb2bbcd40#direnv",
      "source": "devbox-search",
      "version": "2.33.0",
      "systems": {
        "aarch64-darwin": {
          "store_path": "/nix/store/2h17f0h606fnma14hhy9zr80b05hx0kn-direnv-2.33.0"
        },
        "aarch64-linux": {
          "store_path": "/nix/store/30np097dgfgc3cj6lr743limwgm0h171-direnv-2.33.0"
        },
        "x86_64-darwin": {
          "store_path": "/nix/store/ni4659h0symybqwr1sma6qm4l2fry5xx-direnv-2.33.0"
        },
        "x86_64-linux": {
          "store_path": "/nix/store/zw8skxjgs1wqpijrx6fxi4m86cl0vild-direnv-2.33.0"
        }
      }
    },
    "fd@latest": {
      "last_modified": "2023-11-17T14:14:56Z",
      "resolved": "github:NixOS/nixpkgs/a71323f68d4377d12c04a5410e214495ec598d4c#fd",
      "source": "devbox-search",
      "version": "8.7.1",
      "systems": {
        "aarch64-darwin": {
          "store_path": "/nix/store/42prm166n25p6jkqfr8p15006qq90dji-fd-8.7.1"
        },
        "aarch64-linux": {
          "store_path": "/nix/store/5c04pksg8amw4lgpy0giblbnrmds5b9d-fd-8.7.1"
        },
        "x86_64-darwin": {
          "store_path": "/nix/store/wb4w67qrh3gqi9dnijcgy8va4f88ksar-fd-8.7.1"
        },
        "x86_64-linux": {
          "store_path": "/nix/store/57sfr6cpfm92l8yprgz4m05jmcpk0awy-fd-8.7.1"
        }
      }
    },
    "gh@latest": {
      "last_modified": "2023-12-08T01:14:17Z",
      "resolved": "github:NixOS/nixpkgs/09dc04054ba2ff1f861357d0e7e76d021b273cd7#gh",
      "source": "devbox-search",
      "version": "2.40.0",
      "systems": {
        "aarch64-darwin": {
          "store_path": "/nix/store/mwcfggla69hc3n8gx75f1isl03z4x5cv-gh-2.40.0"
        },
        "aarch64-linux": {
          "store_path": "/nix/store/n5gmqm52mbv2gar78ka6f82c10l9kizq-gh-2.40.0"
        },
        "x86_64-darwin": {
          "store_path": "/nix/store/qgqq7vmlslq52kdm21596ns70mcz0h5m-gh-2.40.0"
        },
        "x86_64-linux": {
          "store_path": "/nix/store/hrhfrlh4piiyj2q88bxrwvfyn9msbhdx-gh-2.40.0"
        }
      }
    },
    "go@1.21.4": {
      "last_modified": "2023-11-17T14:14:56Z",
      "resolved": "github:NixOS/nixpkgs/a71323f68d4377d12c04a5410e214495ec598d4c#go",
      "source": "devbox-search",
      "version": "1.21.4",
      "systems": {
        "aarch64-darwin": {
          "store_path": "/nix/store/02cpvad60np366kmsqc3gnixbsw9jvg1-go-1.21.4"
        },
        "aarch64-linux": {
          "store_path": "/nix/store/7y75b2ac80chlh6knld3943y46n3v9kf-go-1.21.4"
        },
        "x86_64-darwin": {
          "store_path": "/nix/store/0djljz0g4s6f55xcnw7fpzcy7af7rxid-go-1.21.4"
        },
        "x86_64-linux": {
          "store_path": "/nix/store/y7abhs9glxfcg7lgcdc8i4ml5wg5ly92-go-1.21.4"
        }
      }
    },
    "golangci-lint@latest": {
      "last_modified": "2023-11-17T14:14:56Z",
      "resolved": "github:NixOS/nixpkgs/a71323f68d4377d12c04a5410e214495ec598d4c#golangci-lint",
      "source": "devbox-search",
      "version": "1.55.2",
      "systems": {
        "aarch64-darwin": {
          "store_path": "/nix/store/ggfyqw5kl0dy7l6nhajcyayiw05wzrb1-golangci-lint-1.55.2"
        },
        "aarch64-linux": {
          "store_path": "/nix/store/ak3wnmbc43wqgg9zky98i44nazxvklqg-golangci-lint-1.55.2"
        },
        "x86_64-darwin": {
          "store_path": "/nix/store/xckmcrd22nij4xwzdiw8ydc4z00rgcd2-golangci-lint-1.55.2"
        },
        "x86_64-linux": {
          "store_path": "/nix/store/xiy36g6w9qcgzkyifi9hf7ayj2drap9k-golangci-lint-1.55.2"
        }
      }
    },
    "jless@latest": {
      "last_modified": "2023-11-17T14:14:56Z",
      "resolved": "github:NixOS/nixpkgs/a71323f68d4377d12c04a5410e214495ec598d4c#jless",
      "source": "devbox-search",
      "version": "0.9.0",
      "systems": {
        "aarch64-darwin": {
          "store_path": "/nix/store/rcwffgpnmchqx24nf0d9y36jyrdx2amw-jless-0.9.0"
        },
        "aarch64-linux": {
          "store_path": "/nix/store/a8l5mkp050k0gx4g3i30mm0z0lm4wfc8-jless-0.9.0"
        },
        "x86_64-darwin": {
          "store_path": "/nix/store/w3278dih82gkq780rz9hkq0zsfg9v99m-jless-0.9.0"
        },
        "x86_64-linux": {
          "store_path": "/nix/store/dw1kwfs7l2cyzm43pvi7lms108w5n7px-jless-0.9.0"
        }
      }
    },
    "kustomize@latest": {
      "last_modified": "2023-11-17T14:14:56Z",
      "resolved": "github:NixOS/nixpkgs/a71323f68d4377d12c04a5410e214495ec598d4c#kustomize",
      "source": "devbox-search",
      "version": "5.2.1",
      "systems": {
        "aarch64-darwin": {
          "store_path": "/nix/store/16klhmp6r7ql652r5dn9iipi04mx15fh-kustomize-5.2.1"
        },
        "aarch64-linux": {
          "store_path": "/nix/store/fws20x8vkrqnb3xvwvg5nfcj0ixyn7ga-kustomize-5.2.1"
        },
        "x86_64-darwin": {
          "store_path": "/nix/store/4zszzy2cphdrqnhv6x2jznpcrdpya76f-kustomize-5.2.1"
        },
        "x86_64-linux": {
          "store_path": "/nix/store/0pjqqvkk13q1gwyfjhydfrnh0y5q97ak-kustomize-5.2.1"
        }
      }
    },
    "nmap@latest": {
      "last_modified": "2023-11-17T14:14:56Z",
      "resolved": "github:NixOS/nixpkgs/a71323f68d4377d12c04a5410e214495ec598d4c#nmap",
      "source": "devbox-search",
      "version": "7.94",
      "systems": {
        "aarch64-darwin": {
          "store_path": "/nix/store/5axlngghd2h6m9b5rj2zdhjl3dqxnpw5-nmap-7.94"
        },
        "aarch64-linux": {
          "store_path": "/nix/store/0sk4cawv5lxjp54qs3jjqwprwmwflp01-nmap-7.94"
        },
        "x86_64-darwin": {
          "store_path": "/nix/store/9crv281g81pkqrwlrlzhqdai96pfx356-nmap-7.94"
        },
        "x86_64-linux": {
          "store_path": "/nix/store/gcc01g3cgds8ljmchxxial82cfydvm5d-nmap-7.94"
        }
      }
    },
    "passage@latest": {
      "last_modified": "2023-12-13T22:54:10Z",
      "resolved": "github:NixOS/nixpkgs/fd04bea4cbf76f86f244b9e2549fca066db8ddff#passage",
      "source": "devbox-search",
      "version": "2022-05-01",
      "systems": {
        "aarch64-darwin": {
          "store_path": "/nix/store/708n7v35w7n4nlvg0hnwsl996a394f7r-passage-unstable-2022-05-01"
        },
        "aarch64-linux": {
          "store_path": "/nix/store/cnfwj8gsvqqyaam86b6fw3syq0s24s6f-passage-unstable-2022-05-01"
        },
        "x86_64-darwin": {
          "store_path": "/nix/store/ss37rhrs920k36bl2d0gk0gqpljw3mkp-passage-unstable-2022-05-01"
        },
        "x86_64-linux": {
          "store_path": "/nix/store/q8asj0pjmpvfrla1gbmfw3gbi1sgc5ip-passage-unstable-2022-05-01"
        }
      }
    },
    "q@latest": {
      "last_modified": "2023-11-28T03:21:20Z",
      "resolved": "github:NixOS/nixpkgs/4469e22700c47792f93daa882786d36f9bf8bc2a#q",
      "source": "devbox-search",
      "version": "0.15.1",
      "systems": {
        "aarch64-darwin": {
          "store_path": "/nix/store/4z4qqwg5phkfgvd38wajqs66l88cjczq-q-0.15.1"
        },
        "aarch64-linux": {
          "store_path": "/nix/store/ij900byp140rycva3qbjk7brbqnvx7rf-q-0.15.1"
        },
        "x86_64-darwin": {
          "store_path": "/nix/store/n2c562jd8ipmdgnraq2zc04nljdkcmhx-q-0.15.1"
        },
        "x86_64-linux": {
          "store_path": "/nix/store/gdzsi9hcq1ikvp88q36snf2a88gbid3x-q-0.15.1"
        }
      }
    },
    "ripgrep@latest": {
      "last_modified": "2023-11-30T09:21:56Z",
      "resolved": "github:NixOS/nixpkgs/f5c27c6136db4d76c30e533c20517df6864c46ee#ripgrep",
      "source": "devbox-search",
      "version": "14.0.3",
      "systems": {
        "aarch64-darwin": {
          "store_path": "/nix/store/qgjyy47yz3klh9y7psj721xxciadv57w-ripgrep-14.0.3"
        },
        "aarch64-linux": {
          "store_path": "/nix/store/nfh5g6kb3j3zrirxf3295ziby526yay0-ripgrep-14.0.3"
        },
        "x86_64-darwin": {
          "store_path": "/nix/store/866sn5zwhz1f1819i3qy0s8zajnkyig9-ripgrep-14.0.3"
        },
        "x86_64-linux": {
          "store_path": "/nix/store/ycib0dhs2v7y3f4a7m08aa83wyavipzd-ripgrep-14.0.3"
        }
      }
    },
    "spacer@latest": {
      "last_modified": "2023-11-27T17:54:48Z",
      "resolved": "github:NixOS/nixpkgs/491af1f1cc28df11dfbff049da4134c37d58aee9#spacer",
      "source": "devbox-search",
      "version": "0.3.0",
      "systems": {
        "aarch64-darwin": {
          "store_path": "/nix/store/vvzchlxf5ys744zw3ipzv02iafnp5l36-spacer-0.3.0"
        },
        "aarch64-linux": {
          "store_path": "/nix/store/q77xgfk7nl28p7rmi6qnyilc57p64lbw-spacer-0.3.0"
        },
        "x86_64-darwin": {
          "store_path": "/nix/store/12dnfmxh7n83yqn0a3zhqhp5wq2260pd-spacer-0.3.0"
        },
        "x86_64-linux": {
          "store_path": "/nix/store/rpbjc8f2kzm4j8dfhwmi2afgjz3g2j5s-spacer-0.3.0"
        }
      }
    },
    "tig@latest": {
      "last_modified": "2023-11-27T17:54:48Z",
      "resolved": "github:NixOS/nixpkgs/491af1f1cc28df11dfbff049da4134c37d58aee9#tig",
      "source": "devbox-search",
      "version": "2.5.8",
      "systems": {
        "aarch64-darwin": {
          "store_path": "/nix/store/90qnlzi79lgzawxpk07v9911qqnxm4sk-tig-2.5.8"
        },
        "aarch64-linux": {
          "store_path": "/nix/store/0cj3rv257w1x7swk1z32r5xgkdzqvn75-tig-2.5.8"
        },
        "x86_64-darwin": {
          "store_path": "/nix/store/r8f4vjvzp769h7zmj2zp0wg32nccwsvi-tig-2.5.8"
        },
        "x86_64-linux": {
          "store_path": "/nix/store/b2gs8as7dqkp394x5ksgdgn4nk4cda2b-tig-2.5.8"
        }
      }
    },
    "typos@latest": {
      "last_modified": "2023-12-13T22:54:10Z",
      "resolved": "github:NixOS/nixpkgs/fd04bea4cbf76f86f244b9e2549fca066db8ddff#typos",
      "source": "devbox-search",
      "version": "1.16.24",
      "systems": {
        "aarch64-darwin": {
          "store_path": "/nix/store/ngm4m65fb13hd33h38jxi9h8b6kmj5iv-typos-1.16.24"
        },
        "aarch64-linux": {
          "store_path": "/nix/store/89y8q6q77phfqv5imcg22cpp77yzpdb1-typos-1.16.24"
        },
        "x86_64-darwin": {
          "store_path": "/nix/store/kn5638wyxygbcdyn38mfchf2kxis08vb-typos-1.16.24"
        },
        "x86_64-linux": {
          "store_path": "/nix/store/qksajgpc4fac4b3iybghq5sxq45xk8bc-typos-1.16.24"
        }
      }
    }
  }
}
