{
  "lockfile_version": "1",
  "packages": {
    "atuin@latest": {
      "last_modified": "2023-11-27T17:54:48Z",
      "resolved": "github:NixOS/nixpkgs/491af1f1cc28df11dfbff049da4134c37d58aee9#atuin",
      "source": "devbox-search",
      "version": "17.0.1",
      "systems": {
        "aarch64-darwin": {
          "store_path": "/nix/store/3l54qx5fj13gfgnijzykdaqp4mv2lk4x-atuin-17.0.1"
        },
        "aarch64-linux": {
          "store_path": "/nix/store/idpylf2w9vx2ds12h9wp00ci57haz0pz-atuin-17.0.1"
        },
        "x86_64-darwin": {
          "store_path": "/nix/store/jwgcl22x1nlhy89mllbng0p3gv2v5vfj-atuin-17.0.1"
        },
        "x86_64-linux": {
          "store_path": "/nix/store/ycl6da3n5dbb03n91dnhf13qr8bavw8v-atuin-17.0.1"
        }
      }
    },
    "bat@latest": {
      "last_modified": "2023-11-17T14:14:56Z",
      "resolved": "github:NixOS/nixpkgs/a71323f68d4377d12c04a5410e214495ec598d4c#bat",
      "source": "devbox-search",
      "version": "0.24.0",
      "systems": {
        "aarch64-darwin": {
          "store_path": "/nix/store/hw226zsvb43971bcambaa3xkgw4iz9s5-bat-0.24.0"
        },
        "aarch64-linux": {
          "store_path": "/nix/store/41q3wxla4q92kfyss73dvlykkbys4jjz-bat-0.24.0"
        },
        "x86_64-darwin": {
          "store_path": "/nix/store/kcp1fp0caw1sbsfay3xhv4yypxh7n34c-bat-0.24.0"
        },
        "x86_64-linux": {
          "store_path": "/nix/store/2wvd62ifjb4wx2agczakmvjcp1jrjcfh-bat-0.24.0"
        }
      }
    },
    "chezmoi@latest": {
      "last_modified": "2023-11-27T17:54:48Z",
      "resolved": "github:NixOS/nixpkgs/491af1f1cc28df11dfbff049da4134c37d58aee9#chezmoi",
      "source": "devbox-search",
      "version": "2.41.0",
      "systems": {
        "aarch64-darwin": {
          "store_path": "/nix/store/gpvq3xwzh1r4f2w6p0ylz7hdmmx5dbid-chezmoi-2.41.0"
        },
        "aarch64-linux": {
          "store_path": "/nix/store/2pvjsbyhr91is5df0rgqm3ifgcy400sm-chezmoi-2.41.0"
        },
        "x86_64-darwin": {
          "store_path": "/nix/store/cfm1g99mjd86nql24qp876x4k07q695j-chezmoi-2.41.0"
        },
        "x86_64-linux": {
          "store_path": "/nix/store/gafkznsg59bixkgrnb7cl0v1jixqwn9w-chezmoi-2.41.0"
        }
      }
    },
    "delta@latest": {
      "last_modified": "2023-11-17T14:14:56Z",
      "resolved": "github:NixOS/nixpkgs/a71323f68d4377d12c04a5410e214495ec598d4c#delta",
      "source": "devbox-search",
      "version": "0.16.5",
      "systems": {
        "aarch64-darwin": {
          "store_path": "/nix/store/8s7w9h8i9pf69r3b7jq27w3577411nkw-delta-0.16.5"
        },
        "aarch64-linux": {
          "store_path": "/nix/store/5c7zqa04x8dvsggma3qbaycpwcq3388i-delta-0.16.5"
        },
        "x86_64-darwin": {
          "store_path": "/nix/store/0xki4xmww97j456krk7nl8ignjjp0ck0-delta-0.16.5"
        },
        "x86_64-linux": {
          "store_path": "/nix/store/gy5izwlzqdz81iawg7ar74avgdljznj1-delta-0.16.5"
        }
      }
    },
    "direnv@latest": {
      "last_modified": "2023-12-01T03:28:22Z",
      "resolved": "github:NixOS/nixpkgs/69a165d0fd2b08a78dbd2c98f6f860ceb2bbcd40#direnv",
      "source": "devbox-search",
      "version": "2.33.0",
      "systems": {
        "aarch64-darwin": {
          "store_path": "/nix/store/2h17f0h606fnma14hhy9zr80b05hx0kn-direnv-2.33.0"
        },
        "aarch64-linux": {
          "store_path": "/nix/store/30np097dgfgc3cj6lr743limwgm0h171-direnv-2.33.0"
        },
        "x86_64-darwin": {
          "store_path": "/nix/store/ni4659h0symybqwr1sma6qm4l2fry5xx-direnv-2.33.0"
        },
        "x86_64-linux": {
          "store_path": "/nix/store/zw8skxjgs1wqpijrx6fxi4m86cl0vild-direnv-2.33.0"
        }
      }
    },
    "fd@latest": {
      "last_modified": "2023-11-17T14:14:56Z",
      "resolved": "github:NixOS/nixpkgs/a71323f68d4377d12c04a5410e214495ec598d4c#fd",
      "source": "devbox-search",
      "version": "8.7.1",
      "systems": {
        "aarch64-darwin": {
          "store_path": "/nix/store/42prm166n25p6jkqfr8p15006qq90dji-fd-8.7.1"
        },
        "aarch64-linux": {
          "store_path": "/nix/store/5c04pksg8amw4lgpy0giblbnrmds5b9d-fd-8.7.1"
        },
        "x86_64-darwin": {
          "store_path": "/nix/store/wb4w67qrh3gqi9dnijcgy8va4f88ksar-fd-8.7.1"
        },
        "x86_64-linux": {
          "store_path": "/nix/store/57sfr6cpfm92l8yprgz4m05jmcpk0awy-fd-8.7.1"
        }
      }
    },
    "go@1.21.4": {
      "last_modified": "2023-11-17T14:14:56Z",
      "resolved": "github:NixOS/nixpkgs/a71323f68d4377d12c04a5410e214495ec598d4c#go",
      "source": "devbox-search",
      "version": "1.21.4",
      "systems": {
        "aarch64-darwin": {
          "store_path": "/nix/store/02cpvad60np366kmsqc3gnixbsw9jvg1-go-1.21.4"
        },
        "aarch64-linux": {
          "store_path": "/nix/store/7y75b2ac80chlh6knld3943y46n3v9kf-go-1.21.4"
        },
        "x86_64-darwin": {
          "store_path": "/nix/store/0djljz0g4s6f55xcnw7fpzcy7af7rxid-go-1.21.4"
        },
        "x86_64-linux": {
          "store_path": "/nix/store/y7abhs9glxfcg7lgcdc8i4ml5wg5ly92-go-1.21.4"
        }
      }
    },
    "golangci-lint@latest": {
      "last_modified": "2023-11-17T14:14:56Z",
      "resolved": "github:NixOS/nixpkgs/a71323f68d4377d12c04a5410e214495ec598d4c#golangci-lint",
      "source": "devbox-search",
      "version": "1.55.2",
      "systems": {
        "aarch64-darwin": {
          "store_path": "/nix/store/ggfyqw5kl0dy7l6nhajcyayiw05wzrb1-golangci-lint-1.55.2"
        },
        "aarch64-linux": {
          "store_path": "/nix/store/ak3wnmbc43wqgg9zky98i44nazxvklqg-golangci-lint-1.55.2"
        },
        "x86_64-darwin": {
          "store_path": "/nix/store/xckmcrd22nij4xwzdiw8ydc4z00rgcd2-golangci-lint-1.55.2"
        },
        "x86_64-linux": {
          "store_path": "/nix/store/xiy36g6w9qcgzkyifi9hf7ayj2drap9k-golangci-lint-1.55.2"
        }
      }
    },
    "jless@latest": {
      "last_modified": "2023-11-17T14:14:56Z",
      "resolved": "github:NixOS/nixpkgs/a71323f68d4377d12c04a5410e214495ec598d4c#jless",
      "source": "devbox-search",
      "version": "0.9.0",
      "systems": {
        "aarch64-darwin": {
          "store_path": "/nix/store/rcwffgpnmchqx24nf0d9y36jyrdx2amw-jless-0.9.0"
        },
        "aarch64-linux": {
          "store_path": "/nix/store/a8l5mkp050k0gx4g3i30mm0z0lm4wfc8-jless-0.9.0"
        },
        "x86_64-darwin": {
          "store_path": "/nix/store/w3278dih82gkq780rz9hkq0zsfg9v99m-jless-0.9.0"
        },
        "x86_64-linux": {
          "store_path": "/nix/store/dw1kwfs7l2cyzm43pvi7lms108w5n7px-jless-0.9.0"
        }
      }
    },
    "kustomize@latest": {
      "last_modified": "2023-11-17T14:14:56Z",
      "resolved": "github:NixOS/nixpkgs/a71323f68d4377d12c04a5410e214495ec598d4c#kustomize",
      "source": "devbox-search",
      "version": "5.2.1",
      "systems": {
        "aarch64-darwin": {
          "store_path": "/nix/store/16klhmp6r7ql652r5dn9iipi04mx15fh-kustomize-5.2.1"
        },
        "aarch64-linux": {
          "store_path": "/nix/store/fws20x8vkrqnb3xvwvg5nfcj0ixyn7ga-kustomize-5.2.1"
        },
        "x86_64-darwin": {
          "store_path": "/nix/store/4zszzy2cphdrqnhv6x2jznpcrdpya76f-kustomize-5.2.1"
        },
        "x86_64-linux": {
          "store_path": "/nix/store/0pjqqvkk13q1gwyfjhydfrnh0y5q97ak-kustomize-5.2.1"
        }
      }
    },
    "q@latest": {
      "last_modified": "2023-11-28T03:21:20Z",
      "resolved": "github:NixOS/nixpkgs/4469e22700c47792f93daa882786d36f9bf8bc2a#q",
      "source": "devbox-search",
      "version": "0.15.1",
      "systems": {
        "aarch64-darwin": {
          "store_path": "/nix/store/4z4qqwg5phkfgvd38wajqs66l88cjczq-q-0.15.1"
        },
        "aarch64-linux": {
          "store_path": "/nix/store/ij900byp140rycva3qbjk7brbqnvx7rf-q-0.15.1"
        },
        "x86_64-darwin": {
          "store_path": "/nix/store/n2c562jd8ipmdgnraq2zc04nljdkcmhx-q-0.15.1"
        },
        "x86_64-linux": {
          "store_path": "/nix/store/gdzsi9hcq1ikvp88q36snf2a88gbid3x-q-0.15.1"
        }
      }
    },
    "ripgrep@latest": {
      "last_modified": "2023-11-30T09:21:56Z",
      "resolved": "github:NixOS/nixpkgs/f5c27c6136db4d76c30e533c20517df6864c46ee#ripgrep",
      "source": "devbox-search",
      "version": "14.0.3",
      "systems": {
        "aarch64-darwin": {
          "store_path": "/nix/store/qgjyy47yz3klh9y7psj721xxciadv57w-ripgrep-14.0.3"
        },
        "aarch64-linux": {
          "store_path": "/nix/store/nfh5g6kb3j3zrirxf3295ziby526yay0-ripgrep-14.0.3"
        },
        "x86_64-darwin": {
          "store_path": "/nix/store/866sn5zwhz1f1819i3qy0s8zajnkyig9-ripgrep-14.0.3"
        },
        "x86_64-linux": {
          "store_path": "/nix/store/ycib0dhs2v7y3f4a7m08aa83wyavipzd-ripgrep-14.0.3"
        }
      }
    },
    "spacer@latest": {
      "last_modified": "2023-11-27T17:54:48Z",
      "resolved": "github:NixOS/nixpkgs/491af1f1cc28df11dfbff049da4134c37d58aee9#spacer",
      "source": "devbox-search",
      "version": "0.3.0",
      "systems": {
        "aarch64-darwin": {
          "store_path": "/nix/store/vvzchlxf5ys744zw3ipzv02iafnp5l36-spacer-0.3.0"
        },
        "aarch64-linux": {
          "store_path": "/nix/store/q77xgfk7nl28p7rmi6qnyilc57p64lbw-spacer-0.3.0"
        },
        "x86_64-darwin": {
          "store_path": "/nix/store/12dnfmxh7n83yqn0a3zhqhp5wq2260pd-spacer-0.3.0"
        },
        "x86_64-linux": {
          "store_path": "/nix/store/rpbjc8f2kzm4j8dfhwmi2afgjz3g2j5s-spacer-0.3.0"
        }
      }
    },
    "tig@latest": {
      "last_modified": "2023-11-27T17:54:48Z",
      "resolved": "github:NixOS/nixpkgs/491af1f1cc28df11dfbff049da4134c37d58aee9#tig",
      "source": "devbox-search",
      "version": "2.5.8",
      "systems": {
        "aarch64-darwin": {
          "store_path": "/nix/store/90qnlzi79lgzawxpk07v9911qqnxm4sk-tig-2.5.8"
        },
        "aarch64-linux": {
          "store_path": "/nix/store/0cj3rv257w1x7swk1z32r5xgkdzqvn75-tig-2.5.8"
        },
        "x86_64-darwin": {
          "store_path": "/nix/store/r8f4vjvzp769h7zmj2zp0wg32nccwsvi-tig-2.5.8"
        },
        "x86_64-linux": {
          "store_path": "/nix/store/b2gs8as7dqkp394x5ksgdgn4nk4cda2b-tig-2.5.8"
        }
      }
    }
  }
}
